
Microsoft Visual Studio Solution File, Format Version 12.00
# Visual Studio Version 16
VisualStudioVersion = 16.0.32413.511
MinimumVisualStudioVersion = 10.0.40219.1
Project("{FAE04EC0-301F-11D3-BF4B-00C04F79EFBC}") = "BizStreamContactFormBackend", "BizStreamContactFormBackend\BizStreamContactFormBackend.csproj", "{3B1A6D1C-710E-4AFC-BC36-56F8DAF2D061}"
EndProject
Global
	GlobalSection(SolutionConfigurationPlatforms) = preSolution
		Debug|Any CPU = Debug|Any CPU
		Release|Any CPU = Release|Any CPU
	EndGlobalSection
	GlobalSection(ProjectConfigurationPlatforms) = postSolution
		{3B1A6D1C-710E-4AFC-BC36-56F8DAF2D061}.Debug|Any CPU.ActiveCfg = Debug|Any CPU
		{3B1A6D1C-710E-4AFC-BC36-56F8DAF2D061}.Debug|Any CPU.Build.0 = Debug|Any CPU
		{3B1A6D1C-710E-4AFC-BC36-56F8DAF2D061}.Release|Any CPU.ActiveCfg = Release|Any CPU
		{3B1A6D1C-710E-4AFC-BC36-56F8DAF2D061}.Release|Any CPU.Build.0 = Release|Any CPU
	EndGlobalSection
	GlobalSection(SolutionProperties) = preSolution
		HideSolutionNode = FALSE
	EndGlobalSection
	GlobalSection(ExtensibilityGlobals) = postSolution
		SolutionGuid = {4C09CF29-0CD4-484A-9804-817E350DFB57}
	EndGlobalSection
EndGlobal
